// !$*UTF8*$!
{
	archiveVersion = 1;
	classes = {
	};
	objectVersion = 50;
	objects = {

/* Begin PBXBuildFile section */
		247078B125F3FFB700EC5212 /* AppDelegate.swift in Sources */ = {isa = PBXBuildFile; fileRef = 247078B025F3FFB700EC5212 /* AppDelegate.swift */; };
		247078B325F3FFB700EC5212 /* SceneDelegate.swift in Sources */ = {isa = PBXBuildFile; fileRef = 247078B225F3FFB700EC5212 /* SceneDelegate.swift */; };
		247078B525F3FFB700EC5212 /* ViewController.swift in Sources */ = {isa = PBXBuildFile; fileRef = 247078B425F3FFB700EC5212 /* ViewController.swift */; };
		247078B825F3FFB700EC5212 /* Main.storyboard in Resources */ = {isa = PBXBuildFile; fileRef = 247078B625F3FFB700EC5212 /* Main.storyboard */; };
		247078BA25F3FFBD00EC5212 /* Assets.xcassets in Resources */ = {isa = PBXBuildFile; fileRef = 247078B925F3FFBD00EC5212 /* Assets.xcassets */; };
		247078BD25F3FFBD00EC5212 /* LaunchScreen.storyboard in Resources */ = {isa = PBXBuildFile; fileRef = 247078BB25F3FFBD00EC5212 /* LaunchScreen.storyboard */; };
		247078C825F3FFBE00EC5212 /* ParstagramTests.swift in Sources */ = {isa = PBXBuildFile; fileRef = 247078C725F3FFBE00EC5212 /* ParstagramTests.swift */; };
		247078D325F3FFBE00EC5212 /* ParstagramUITests.swift in Sources */ = {isa = PBXBuildFile; fileRef = 247078D225F3FFBE00EC5212 /* ParstagramUITests.swift */; };
/* End PBXBuildFile section */

/* Begin PBXContainerItemProxy section */
		247078C425F3FFBE00EC5212 /* PBXContainerItemProxy */ = {
			isa = PBXContainerItemProxy;
			containerPortal = 247078A525F3FFB700EC5212 /* Project object */;
			proxyType = 1;
			remoteGlobalIDString = 247078AC25F3FFB700EC5212;
			remoteInfo = Parstagram;
		};
		247078CF25F3FFBE00EC5212 /* PBXContainerItemProxy */ = {
			isa = PBXContainerItemProxy;
			containerPortal = 247078A525F3FFB700EC5212 /* Project object */;
			proxyType = 1;
			remoteGlobalIDString = 247078AC25F3FFB700EC5212;
			remoteInfo = Parstagram;
		};
/* End PBXContainerItemProxy section */

/* Begin PBXFileReference section */
		247078AD25F3FFB700EC5212 /* Parstagram.app */ = {isa = PBXFileReference; explicitFileType = wrapper.application; includeInIndex = 0; path = Parstagram.app; sourceTree = BUILT_PRODUCTS_DIR; };
		247078B025F3FFB700EC5212 /* AppDelegate.swift */ = {isa = PBXFileReference; lastKnownFileType = sourcecode.swift; path = AppDelegate.swift; sourceTree = "<group>"; };
		247078B225F3FFB700EC5212 /* SceneDelegate.swift */ = {isa = PBXFileReference; lastKnownFileType = sourcecode.swift; path = SceneDelegate.swift; sourceTree = "<group>"; };
		247078B425F3FFB700EC5212 /* ViewController.swift */ = {isa = PBXFileReference; lastKnownFileType = sourcecode.swift; path = ViewController.swift; sourceTree = "<group>"; };
		247078B725F3FFB700EC5212 /* Base */ = {isa = PBXFileReference; lastKnownFileType = file.storyboard; name = Base; path = Base.lproj/Main.storyboard; sourceTree = "<group>"; };
		247078B925F3FFBD00EC5212 /* Assets.xcassets */ = {isa = PBXFileReference; lastKnownFileType = folder.assetcatalog; path = Assets.xcassets; sourceTree = "<group>"; };
		247078BC25F3FFBD00EC5212 /* Base */ = {isa = PBXFileReference; lastKnownFileType = file.storyboard; name = Base; path = Base.lproj/LaunchScreen.storyboard; sourceTree = "<group>"; };
		247078BE25F3FFBD00EC5212 /* Info.plist */ = {isa = PBXFileReference; lastKnownFileType = text.plist.xml; path = Info.plist; sourceTree = "<group>"; };
		247078C325F3FFBE00EC5212 /* ParstagramTests.xctest */ = {isa = PBXFileReference; explicitFileType = wrapper.cfbundle; includeInIndex = 0; path = ParstagramTests.xctest; sourceTree = BUILT_PRODUCTS_DIR; };
		247078C725F3FFBE00EC5212 /* ParstagramTests.swift */ = {isa = PBXFileReference; lastKnownFileType = sourcecode.swift; path = ParstagramTests.swift; sourceTree = "<group>"; };
		247078C925F3FFBE00EC5212 /* Info.plist */ = {isa = PBXFileReference; lastKnownFileType = text.plist.xml; path = Info.plist; sourceTree = "<group>"; };
		247078CE25F3FFBE00EC5212 /* ParstagramUITests.xctest */ = {isa = PBXFileReference; explicitFileType = wrapper.cfbundle; includeInIndex = 0; path = ParstagramUITests.xctest; sourceTree = BUILT_PRODUCTS_DIR; };
		247078D225F3FFBE00EC5212 /* ParstagramUITests.swift */ = {isa = PBXFileReference; lastKnownFileType = sourcecode.swift; path = ParstagramUITests.swift; sourceTree = "<group>"; };
		247078D425F3FFBE00EC5212 /* Info.plist */ = {isa = PBXFileReference; lastKnownFileType = text.plist.xml; path = Info.plist; sourceTree = "<group>"; };
/* End PBXFileReference section */

/* Begin PBXFrameworksBuildPhase section */
		247078AA25F3FFB700EC5212 /* Frameworks */ = {
			isa = PBXFrameworksBuildPhase;
			buildActionMask = 2147483647;
			files = (
			);
			runOnlyForDeploymentPostprocessing = 0;
		};
		247078C025F3FFBE00EC5212 /* Frameworks */ = {
			isa = PBXFrameworksBuildPhase;
			buildActionMask = 2147483647;
			files = (
			);
			runOnlyForDeploymentPostprocessing = 0;
		};
		247078CB25F3FFBE00EC5212 /* Frameworks */ = {
			isa = PBXFrameworksBuildPhase;
			buildActionMask = 2147483647;
			files = (
			);
			runOnlyForDeploymentPostprocessing = 0;
		};
/* End PBXFrameworksBuildPhase section */

/* Begin PBXGroup section */
		247078A425F3FFB700EC5212 = {
			isa = PBXGroup;
			children = (
				247078AF25F3FFB700EC5212 /* Parstagram */,
				247078C625F3FFBE00EC5212 /* ParstagramTests */,
				247078D125F3FFBE00EC5212 /* ParstagramUITests */,
				247078AE25F3FFB700EC5212 /* Products */,
			);
			sourceTree = "<group>";
		};
		247078AE25F3FFB700EC5212 /* Products */ = {
			isa = PBXGroup;
			children = (
				247078AD25F3FFB700EC5212 /* Parstagram.app */,
				247078C325F3FFBE00EC5212 /* ParstagramTests.xctest */,
				247078CE25F3FFBE00EC5212 /* ParstagramUITests.xctest */,
			);
			name = Products;
			sourceTree = "<group>";
		};
		247078AF25F3FFB700EC5212 /* Parstagram */ = {
			isa = PBXGroup;
			children = (
				247078B025F3FFB700EC5212 /* AppDelegate.swift */,
				247078B225F3FFB700EC5212 /* SceneDelegate.swift */,
				247078B425F3FFB700EC5212 /* ViewController.swift */,
				247078B625F3FFB700EC5212 /* Main.storyboard */,
				247078B925F3FFBD00EC5212 /* Assets.xcassets */,
				247078BB25F3FFBD00EC5212 /* LaunchScreen.storyboard */,
				247078BE25F3FFBD00EC5212 /* Info.plist */,
			);
			path = Parstagram;
			sourceTree = "<group>";
		};
		247078C625F3FFBE00EC5212 /* ParstagramTests */ = {
			isa = PBXGroup;
			children = (
				247078C725F3FFBE00EC5212 /* ParstagramTests.swift */,
				247078C925F3FFBE00EC5212 /* Info.plist */,
			);
			path = ParstagramTests;
			sourceTree = "<group>";
		};
		247078D125F3FFBE00EC5212 /* ParstagramUITests */ = {
			isa = PBXGroup;
			children = (
				247078D225F3FFBE00EC5212 /* ParstagramUITests.swift */,
				247078D425F3FFBE00EC5212 /* Info.plist */,
			);
			path = ParstagramUITests;
			sourceTree = "<group>";
		};
/* End PBXGroup section */

/* Begin PBXNativeTarget section */
		247078AC25F3FFB700EC5212 /* Parstagram */ = {
			isa = PBXNativeTarget;
			buildConfigurationList = 247078D725F3FFBE00EC5212 /* Build configuration list for PBXNativeTarget "Parstagram" */;
			buildPhases = (
				247078A925F3FFB700EC5212 /* Sources */,
				247078AA25F3FFB700EC5212 /* Frameworks */,
				247078AB25F3FFB700EC5212 /* Resources */,
			);
			buildRules = (
			);
			dependencies = (
			);
			name = Parstagram;
			productName = Parstagram;
			productReference = 247078AD25F3FFB700EC5212 /* Parstagram.app */;
			productType = "com.apple.product-type.application";
		};
		247078C225F3FFBE00EC5212 /* ParstagramTests */ = {
			isa = PBXNativeTarget;
			buildConfigurationList = 247078DA25F3FFBE00EC5212 /* Build configuration list for PBXNativeTarget "ParstagramTests" */;
			buildPhases = (
				247078BF25F3FFBE00EC5212 /* Sources */,
				247078C025F3FFBE00EC5212 /* Frameworks */,
				247078C125F3FFBE00EC5212 /* Resources */,
			);
			buildRules = (
			);
			dependencies = (
				247078C525F3FFBE00EC5212 /* PBXTargetDependency */,
			);
			name = ParstagramTests;
			productName = ParstagramTests;
			productReference = 247078C325F3FFBE00EC5212 /* ParstagramTests.xctest */;
			productType = "com.apple.product-type.bundle.unit-test";
		};
		247078CD25F3FFBE00EC5212 /* ParstagramUITests */ = {
			isa = PBXNativeTarget;
			buildConfigurationList = 247078DD25F3FFBE00EC5212 /* Build configuration list for PBXNativeTarget "ParstagramUITests" */;
			buildPhases = (
				247078CA25F3FFBE00EC5212 /* Sources */,
				247078CB25F3FFBE00EC5212 /* Frameworks */,
				247078CC25F3FFBE00EC5212 /* Resources */,
			);
			buildRules = (
			);
			dependencies = (
				247078D025F3FFBE00EC5212 /* PBXTargetDependency */,
			);
			name = ParstagramUITests;
			productName = ParstagramUITests;
			productReference = 247078CE25F3FFBE00EC5212 /* ParstagramUITests.xctest */;
			productType = "com.apple.product-type.bundle.ui-testing";
		};
/* End PBXNativeTarget section */

/* Begin PBXProject section */
		247078A525F3FFB700EC5212 /* Project object */ = {
			isa = PBXProject;
			attributes = {
				LastSwiftUpdateCheck = 1240;
				LastUpgradeCheck = 1240;
				TargetAttributes = {
					247078AC25F3FFB700EC5212 = {
						CreatedOnToolsVersion = 12.4;
					};
					247078C225F3FFBE00EC5212 = {
						CreatedOnToolsVersion = 12.4;
						TestTargetID = 247078AC25F3FFB700EC5212;
					};
					247078CD25F3FFBE00EC5212 = {
						CreatedOnToolsVersion = 12.4;
						TestTargetID = 247078AC25F3FFB700EC5212;
					};
				};
			};
			buildConfigurationList = 247078A825F3FFB700EC5212 /* Build configuration list for PBXProject "Parstagram" */;
			compatibilityVersion = "Xcode 9.3";
			developmentRegion = en;
			hasScannedForEncodings = 0;
			knownRegions = (
				en,
				Base,
			);
			mainGroup = 247078A425F3FFB700EC5212;
			productRefGroup = 247078AE25F3FFB700EC5212 /* Products */;
			projectDirPath = "";
			projectRoot = "";
			targets = (
				247078AC25F3FFB700EC5212 /* Parstagram */,
				247078C225F3FFBE00EC5212 /* ParstagramTests */,
				247078CD25F3FFBE00EC5212 /* ParstagramUITests */,
			);
		};
/* End PBXProject section */

/* Begin PBXResourcesBuildPhase section */
		247078AB25F3FFB700EC5212 /* Resources */ = {
			isa = PBXResourcesBuildPhase;
			buildActionMask = 2147483647;
			files = (
				247078BD25F3FFBD00EC5212 /* LaunchScreen.storyboard in Resources */,
				247078BA25F3FFBD00EC5212 /* Assets.xcassets in Resources */,
				247078B825F3FFB700EC5212 /* Main.storyboard in Resources */,
			);
			runOnlyForDeploymentPostprocessing = 0;
		};
		247078C125F3FFBE00EC5212 /* Resources */ = {
			isa = PBXResourcesBuildPhase;
			buildActionMask = 2147483647;
			files = (
			);
			runOnlyForDeploymentPostprocessing = 0;
		};
		247078CC25F3FFBE00EC5212 /* Resources */ = {
			isa = PBXResourcesBuildPhase;
			buildActionMask = 2147483647;
			files = (
			);
			runOnlyForDeploymentPostprocessing = 0;
		};
/* End PBXResourcesBuildPhase section */

/* Begin PBXSourcesBuildPhase section */
		247078A925F3FFB700EC5212 /* Sources */ = {
			isa = PBXSourcesBuildPhase;
			buildActionMask = 2147483647;
			files = (
				247078B525F3FFB700EC5212 /* ViewController.swift in Sources */,
				247078B125F3FFB700EC5212 /* AppDelegate.swift in Sources */,
				247078B325F3FFB700EC5212 /* SceneDelegate.swift in Sources */,
			);
			runOnlyForDeploymentPostprocessing = 0;
		};
		247078BF25F3FFBE00EC5212 /* Sources */ = {
			isa = PBXSourcesBuildPhase;
			buildActionMask = 2147483647;
			files = (
				247078C825F3FFBE00EC5212 /* ParstagramTests.swift in Sources */,
			);
			runOnlyForDeploymentPostprocessing = 0;
		};
		247078CA25F3FFBE00EC5212 /* Sources */ = {
			isa = PBXSourcesBuildPhase;
			buildActionMask = 2147483647;
			files = (
				247078D325F3FFBE00EC5212 /* ParstagramUITests.swift in Sources */,
			);
			runOnlyForDeploymentPostprocessing = 0;
		};
/* End PBXSourcesBuildPhase section */

/* Begin PBXTargetDependency section */
		247078C525F3FFBE00EC5212 /* PBXTargetDependency */ = {
			isa = PBXTargetDependency;
			target = 247078AC25F3FFB700EC5212 /* Parstagram */;
			targetProxy = 247078C425F3FFBE00EC5212 /* PBXContainerItemProxy */;
		};
		247078D025F3FFBE00EC5212 /* PBXTargetDependency */ = {
			isa = PBXTargetDependency;
			target = 247078AC25F3FFB700EC5212 /* Parstagram */;
			targetProxy = 247078CF25F3FFBE00EC5212 /* PBXContainerItemProxy */;
		};
/* End PBXTargetDependency section */

/* Begin PBXVariantGroup section */
		247078B625F3FFB700EC5212 /* Main.storyboard */ = {
			isa = PBXVariantGroup;
			children = (
				247078B725F3FFB700EC5212 /* Base */,
			);
			name = Main.storyboard;
			sourceTree = "<group>";
		};
		247078BB25F3FFBD00EC5212 /* LaunchScreen.storyboard */ = {
			isa = PBXVariantGroup;
			children = (
				247078BC25F3FFBD00EC5212 /* Base */,
			);
			name = LaunchScreen.storyboard;
			sourceTree = "<group>";
		};
/* End PBXVariantGroup section */

/* Begin XCBuildConfiguration section */
		247078D525F3FFBE00EC5212 /* Debug */ = {
			isa = XCBuildConfiguration;
			buildSettings = {
				ALWAYS_SEARCH_USER_PATHS = NO;
				CLANG_ANALYZER_NONNULL = YES;
				CLANG_ANALYZER_NUMBER_OBJECT_CONVERSION = YES_AGGRESSIVE;
				CLANG_CXX_LANGUAGE_STANDARD = "gnu++14";
				CLANG_CXX_LIBRARY = "libc++";
				CLANG_ENABLE_MODULES = YES;
				CLANG_ENABLE_OBJC_ARC = YES;
				CLANG_ENABLE_OBJC_WEAK = YES;
				CLANG_WARN_BLOCK_CAPTURE_AUTORELEASING = YES;
				CLANG_WARN_BOOL_CONVERSION = YES;
				CLANG_WARN_COMMA = YES;
				CLANG_WARN_CONSTANT_CONVERSION = YES;
				CLANG_WARN_DEPRECATED_OBJC_IMPLEMENTATIONS = YES;
				CLANG_WARN_DIRECT_OBJC_ISA_USAGE = YES_ERROR;
				CLANG_WARN_DOCUMENTATION_COMMENTS = YES;
				CLANG_WARN_EMPTY_BODY = YES;
				CLANG_WARN_ENUM_CONVERSION = YES;
				CLANG_WARN_INFINITE_RECURSION = YES;
				CLANG_WARN_INT_CONVERSION = YES;
				CLANG_WARN_NON_LITERAL_NULL_CONVERSION = YES;
				CLANG_WARN_OBJC_IMPLICIT_RETAIN_SELF = YES;
				CLANG_WARN_OBJC_LITERAL_CONVERSION = YES;
				CLANG_WARN_OBJC_ROOT_CLASS = YES_ERROR;
				CLANG_WARN_QUOTED_INCLUDE_IN_FRAMEWORK_HEADER = YES;
				CLANG_WARN_RANGE_LOOP_ANALYSIS = YES;
				CLANG_WARN_STRICT_PROTOTYPES = YES;
				CLANG_WARN_SUSPICIOUS_MOVE = YES;
				CLANG_WARN_UNGUARDED_AVAILABILITY = YES_AGGRESSIVE;
				CLANG_WARN_UNREACHABLE_CODE = YES;
				CLANG_WARN__DUPLICATE_METHOD_MATCH = YES;
				COPY_PHASE_STRIP = NO;
				DEBUG_INFORMATION_FORMAT = dwarf;
				ENABLE_STRICT_OBJC_MSGSEND = YES;
				ENABLE_TESTABILITY = YES;
				GCC_C_LANGUAGE_STANDARD = gnu11;
				GCC_DYNAMIC_NO_PIC = NO;
				GCC_NO_COMMON_BLOCKS = YES;
				GCC_OPTIMIZATION_LEVEL = 0;
				GCC_PREPROCESSOR_DEFINITIONS = (
					"DEBUG=1",
					"$(inherited)",
				);
				GCC_WARN_64_TO_32_BIT_CONVERSION = YES;
				GCC_WARN_ABOUT_RETURN_TYPE = YES_ERROR;
				GCC_WARN_UNDECLARED_SELECTOR = YES;
				GCC_WARN_UNINITIALIZED_AUTOS = YES_AGGRESSIVE;
				GCC_WARN_UNUSED_FUNCTION = YES;
				GCC_WARN_UNUSED_VARIABLE = YES;
				IPHONEOS_DEPLOYMENT_TARGET = 14.4;
				MTL_ENABLE_DEBUG_INFO = INCLUDE_SOURCE;
				MTL_FAST_MATH = YES;
				ONLY_ACTIVE_ARCH = YES;
				SDKROOT = iphoneos;
				SWIFT_ACTIVE_COMPILATION_CONDITIONS = DEBUG;
				SWIFT_OPTIMIZATION_LEVEL = "-Onone";
			};
			name = Debug;
		};
		247078D625F3FFBE00EC5212 /* Release */ = {
			isa = XCBuildConfiguration;
			buildSettings = {
				ALWAYS_SEARCH_USER_PATHS = NO;
				CLANG_ANALYZER_NONNULL = YES;
				CLANG_ANALYZER_NUMBER_OBJECT_CONVERSION = YES_AGGRESSIVE;
				CLANG_CXX_LANGUAGE_STANDARD = "gnu++14";
				CLANG_CXX_LIBRARY = "libc++";
				CLANG_ENABLE_MODULES = YES;
				CLANG_ENABLE_OBJC_ARC = YES;
				CLANG_ENABLE_OBJC_WEAK = YES;
				CLANG_WARN_BLOCK_CAPTURE_AUTORELEASING = YES;
				CLANG_WARN_BOOL_CONVERSION = YES;
				CLANG_WARN_COMMA = YES;
				CLANG_WARN_CONSTANT_CONVERSION = YES;
				CLANG_WARN_DEPRECATED_OBJC_IMPLEMENTATIONS = YES;
				CLANG_WARN_DIRECT_OBJC_ISA_USAGE = YES_ERROR;
				CLANG_WARN_DOCUMENTATION_COMMENTS = YES;
				CLANG_WARN_EMPTY_BODY = YES;
				CLANG_WARN_ENUM_CONVERSION = YES;
				CLANG_WARN_INFINITE_RECURSION = YES;
				CLANG_WARN_INT_CONVERSION = YES;
				CLANG_WARN_NON_LITERAL_NULL_CONVERSION = YES;
				CLANG_WARN_OBJC_IMPLICIT_RETAIN_SELF = YES;
				CLANG_WARN_OBJC_LITERAL_CONVERSION = YES;
				CLANG_WARN_OBJC_ROOT_CLASS = YES_ERROR;
				CLANG_WARN_QUOTED_INCLUDE_IN_FRAMEWORK_HEADER = YES;
				CLANG_WARN_RANGE_LOOP_ANALYSIS = YES;
				CLANG_WARN_STRICT_PROTOTYPES = YES;
				CLANG_WARN_SUSPICIOUS_MOVE = YES;
				CLANG_WARN_UNGUARDED_AVAILABILITY = YES_AGGRESSIVE;
				CLANG_WARN_UNREACHABLE_CODE = YES;
				CLANG_WARN__DUPLICATE_METHOD_MATCH = YES;
				COPY_PHASE_STRIP = NO;
				DEBUG_INFORMATION_FORMAT = "dwarf-with-dsym";
				ENABLE_NS_ASSERTIONS = NO;
				ENABLE_STRICT_OBJC_MSGSEND = YES;
				GCC_C_LANGUAGE_STANDARD = gnu11;
				GCC_NO_COMMON_BLOCKS = YES;
				GCC_WARN_64_TO_32_BIT_CONVERSION = YES;
				GCC_WARN_ABOUT_RETURN_TYPE = YES_ERROR;
				GCC_WARN_UNDECLARED_SELECTOR = YES;
				GCC_WARN_UNINITIALIZED_AUTOS = YES_AGGRESSIVE;
				GCC_WARN_UNUSED_FUNCTION = YES;
				GCC_WARN_UNUSED_VARIABLE = YES;
				IPHONEOS_DEPLOYMENT_TARGET = 14.4;
				MTL_ENABLE_DEBUG_INFO = NO;
				MTL_FAST_MATH = YES;
				SDKROOT = iphoneos;
				SWIFT_COMPILATION_MODE = wholemodule;
				SWIFT_OPTIMIZATION_LEVEL = "-O";
				VALIDATE_PRODUCT = YES;
			};
			name = Release;
		};
		247078D825F3FFBE00EC5212 /* Debug */ = {
			isa = XCBuildConfiguration;
			buildSettings = {
				ASSETCATALOG_COMPILER_APPICON_NAME = AppIcon;
				ASSETCATALOG_COMPILER_GLOBAL_ACCENT_COLOR_NAME = AccentColor;
				CODE_SIGN_STYLE = Automatic;
				INFOPLIST_FILE = Parstagram/Info.plist;
				LD_RUNPATH_SEARCH_PATHS = (
					"$(inherited)",
					"@executable_path/Frameworks",
				);
				PRODUCT_BUNDLE_IDENTIFIER = Steigelman.Parstagram;
				PRODUCT_NAME = "$(TARGET_NAME)";
				SWIFT_VERSION = 5.0;
				TARGETED_DEVICE_FAMILY = "1,2";
			};
			name = Debug;
		};
		247078D925F3FFBE00EC5212 /* Release */ = {
			isa = XCBuildConfiguration;
			buildSettings = {
				ASSETCATALOG_COMPILER_APPICON_NAME = AppIcon;
				ASSETCATALOG_COMPILER_GLOBAL_ACCENT_COLOR_NAME = AccentColor;
				CODE_SIGN_STYLE = Automatic;
				INFOPLIST_FILE = Parstagram/Info.plist;
				LD_RUNPATH_SEARCH_PATHS = (
					"$(inherited)",
					"@executable_path/Frameworks",
				);
				PRODUCT_BUNDLE_IDENTIFIER = Steigelman.Parstagram;
				PRODUCT_NAME = "$(TARGET_NAME)";
				SWIFT_VERSION = 5.0;
				TARGETED_DEVICE_FAMILY = "1,2";
			};
			name = Release;
		};
		247078DB25F3FFBE00EC5212 /* Debug */ = {
			isa = XCBuildConfiguration;
			buildSettings = {
				ALWAYS_EMBED_SWIFT_STANDARD_LIBRARIES = YES;
				BUNDLE_LOADER = "$(TEST_HOST)";
				CODE_SIGN_STYLE = Automatic;
				INFOPLIST_FILE = ParstagramTests/Info.plist;
				IPHONEOS_DEPLOYMENT_TARGET = 14.4;
				LD_RUNPATH_SEARCH_PATHS = (
					"$(inherited)",
					"@executable_path/Frameworks",
					"@loader_path/Frameworks",
				);
				PRODUCT_BUNDLE_IDENTIFIER = Steigelman.ParstagramTests;
				PRODUCT_NAME = "$(TARGET_NAME)";
				SWIFT_VERSION = 5.0;
				TARGETED_DEVICE_FAMILY = "1,2";
				TEST_HOST = "$(BUILT_PRODUCTS_DIR)/Parstagram.app/Parstagram";
			};
			name = Debug;
		};
		247078DC25F3FFBE00EC5212 /* Release */ = {
			isa = XCBuildConfiguration;
			buildSettings = {
				ALWAYS_EMBED_SWIFT_STANDARD_LIBRARIES = YES;
				BUNDLE_LOADER = "$(TEST_HOST)";
				CODE_SIGN_STYLE = Automatic;
				INFOPLIST_FILE = ParstagramTests/Info.plist;
				IPHONEOS_DEPLOYMENT_TARGET = 14.4;
				LD_RUNPATH_SEARCH_PATHS = (
					"$(inherited)",
					"@executable_path/Frameworks",
					"@loader_path/Frameworks",
				);
				PRODUCT_BUNDLE_IDENTIFIER = Steigelman.ParstagramTests;
				PRODUCT_NAME = "$(TARGET_NAME)";
				SWIFT_VERSION = 5.0;
				TARGETED_DEVICE_FAMILY = "1,2";
				TEST_HOST = "$(BUILT_PRODUCTS_DIR)/Parstagram.app/Parstagram";
			};
			name = Release;
		};
		247078DE25F3FFBE00EC5212 /* Debug */ = {
			isa = XCBuildConfiguration;
			buildSettings = {
				ALWAYS_EMBED_SWIFT_STANDARD_LIBRARIES = YES;
				CODE_SIGN_STYLE = Automatic;
				INFOPLIST_FILE = ParstagramUITests/Info.plist;
				LD_RUNPATH_SEARCH_PATHS = (
					"$(inherited)",
					"@executable_path/Frameworks",
					"@loader_path/Frameworks",
				);
				PRODUCT_BUNDLE_IDENTIFIER = Steigelman.ParstagramUITests;
				PRODUCT_NAME = "$(TARGET_NAME)";
				SWIFT_VERSION = 5.0;
				TARGETED_DEVICE_FAMILY = "1,2";
				TEST_TARGET_NAME = Parstagram;
			};
			name = Debug;
		};
		247078DF25F3FFBE00EC5212 /* Release */ = {
			isa = XCBuildConfiguration;
			buildSettings = {
				ALWAYS_EMBED_SWIFT_STANDARD_LIBRARIES = YES;
				CODE_SIGN_STYLE = Automatic;
				INFOPLIST_FILE = ParstagramUITests/Info.plist;
				LD_RUNPATH_SEARCH_PATHS = (
					"$(inherited)",
					"@executable_path/Frameworks",
					"@loader_path/Frameworks",
				);
				PRODUCT_BUNDLE_IDENTIFIER = Steigelman.ParstagramUITests;
				PRODUCT_NAME = "$(TARGET_NAME)";
				SWIFT_VERSION = 5.0;
				TARGETED_DEVICE_FAMILY = "1,2";
				TEST_TARGET_NAME = Parstagram;
			};
			name = Release;
		};
/* End XCBuildConfiguration section */

/* Begin XCConfigurationList section */
		247078A825F3FFB700EC5212 /* Build configuration list for PBXProject "Parstagram" */ = {
			isa = XCConfigurationList;
			buildConfigurations = (
				247078D525F3FFBE00EC5212 /* Debug */,
				247078D625F3FFBE00EC5212 /* Release */,
			);
			defaultConfigurationIsVisible = 0;
			defaultConfigurationName = Release;
		};
		247078D725F3FFBE00EC5212 /* Build configuration list for PBXNativeTarget "Parstagram" */ = {
			isa = XCConfigurationList;
			buildConfigurations = (
				247078D825F3FFBE00EC5212 /* Debug */,
				247078D925F3FFBE00EC5212 /* Release */,
			);
			defaultConfigurationIsVisible = 0;
			defaultConfigurationName = Release;
		};
		247078DA25F3FFBE00EC5212 /* Build configuration list for PBXNativeTarget "ParstagramTests" */ = {
			isa = XCConfigurationList;
			buildConfigurations = (
				247078DB25F3FFBE00EC5212 /* Debug */,
				247078DC25F3FFBE00EC5212 /* Release */,
			);
			defaultConfigurationIsVisible = 0;
			defaultConfigurationName = Release;
		};
		247078DD25F3FFBE00EC5212 /* Build configuration list for PBXNativeTarget "ParstagramUITests" */ = {
			isa = XCConfigurationList;
			buildConfigurations = (
				247078DE25F3FFBE00EC5212 /* Debug */,
				247078DF25F3FFBE00EC5212 /* Release */,
			);
			defaultConfigurationIsVisible = 0;
			defaultConfigurationName = Release;
		};
/* End XCConfigurationList section */
	};
	rootObject = 247078A525F3FFB700EC5212 /* Project object */;
}
